// !$*UTF8*$!
{
	archiveVersion = 1;
	classes = {
	};
	objectVersion = 50;
	objects = {

/* Begin PBXBuildFile section */
		07DB524526029D400079B3B8 /* AppDelegate.swift in Sources */ = {isa = PBXBuildFile; fileRef = 07DB524426029D400079B3B8 /* AppDelegate.swift */; };
		07DB524726029D400079B3B8 /* SceneDelegate.swift in Sources */ = {isa = PBXBuildFile; fileRef = 07DB524626029D400079B3B8 /* SceneDelegate.swift */; };
		07DB524926029D400079B3B8 /* ViewController.swift in Sources */ = {isa = PBXBuildFile; fileRef = 07DB524826029D400079B3B8 /* ViewController.swift */; };
		07DB524C26029D400079B3B8 /* Main.storyboard in Resources */ = {isa = PBXBuildFile; fileRef = 07DB524A26029D400079B3B8 /* Main.storyboard */; };
		07DB524E26029D410079B3B8 /* Assets.xcassets in Resources */ = {isa = PBXBuildFile; fileRef = 07DB524D26029D410079B3B8 /* Assets.xcassets */; };
		07DB525126029D410079B3B8 /* LaunchScreen.storyboard in Resources */ = {isa = PBXBuildFile; fileRef = 07DB524F26029D410079B3B8 /* LaunchScreen.storyboard */; };
		07DB525C26029D420079B3B8 /* WelcomeB27Tests.swift in Sources */ = {isa = PBXBuildFile; fileRef = 07DB525B26029D420079B3B8 /* WelcomeB27Tests.swift */; };
		07DB526726029D420079B3B8 /* WelcomeB27UITests.swift in Sources */ = {isa = PBXBuildFile; fileRef = 07DB526626029D420079B3B8 /* WelcomeB27UITests.swift */; };
		07DB5E8B2603CAF900AA880F /* DetailedViewController.swift in Sources */ = {isa = PBXBuildFile; fileRef = 07DB5E8A2603CAF900AA880F /* DetailedViewController.swift */; };
		07DB5E962603E31D00AA880F /* SportsViewController.swift in Sources */ = {isa = PBXBuildFile; fileRef = 07DB5E952603E31D00AA880F /* SportsViewController.swift */; };
/* End PBXBuildFile section */

/* Begin PBXContainerItemProxy section */
		07DB525826029D420079B3B8 /* PBXContainerItemProxy */ = {
			isa = PBXContainerItemProxy;
			containerPortal = 07DB523926029D400079B3B8 /* Project object */;
			proxyType = 1;
			remoteGlobalIDString = 07DB524026029D400079B3B8;
			remoteInfo = WelcomeB27;
		};
		07DB526326029D420079B3B8 /* PBXContainerItemProxy */ = {
			isa = PBXContainerItemProxy;
			containerPortal = 07DB523926029D400079B3B8 /* Project object */;
			proxyType = 1;
			remoteGlobalIDString = 07DB524026029D400079B3B8;
			remoteInfo = WelcomeB27;
		};
/* End PBXContainerItemProxy section */

/* Begin PBXFileReference section */
		07DB524126029D400079B3B8 /* WelcomeB27.app */ = {isa = PBXFileReference; explicitFileType = wrapper.application; includeInIndex = 0; path = WelcomeB27.app; sourceTree = BUILT_PRODUCTS_DIR; };
		07DB524426029D400079B3B8 /* AppDelegate.swift */ = {isa = PBXFileReference; lastKnownFileType = sourcecode.swift; path = AppDelegate.swift; sourceTree = "<group>"; };
		07DB524626029D400079B3B8 /* SceneDelegate.swift */ = {isa = PBXFileReference; lastKnownFileType = sourcecode.swift; path = SceneDelegate.swift; sourceTree = "<group>"; };
		07DB524826029D400079B3B8 /* ViewController.swift */ = {isa = PBXFileReference; lastKnownFileType = sourcecode.swift; path = ViewController.swift; sourceTree = "<group>"; };
		07DB524B26029D400079B3B8 /* Base */ = {isa = PBXFileReference; lastKnownFileType = file.storyboard; name = Base; path = Base.lproj/Main.storyboard; sourceTree = "<group>"; };
		07DB524D26029D410079B3B8 /* Assets.xcassets */ = {isa = PBXFileReference; lastKnownFileType = folder.assetcatalog; path = Assets.xcassets; sourceTree = "<group>"; };
		07DB525026029D410079B3B8 /* Base */ = {isa = PBXFileReference; lastKnownFileType = file.storyboard; name = Base; path = Base.lproj/LaunchScreen.storyboard; sourceTree = "<group>"; };
		07DB525226029D410079B3B8 /* Info.plist */ = {isa = PBXFileReference; lastKnownFileType = text.plist.xml; path = Info.plist; sourceTree = "<group>"; };
		07DB525726029D420079B3B8 /* WelcomeB27Tests.xctest */ = {isa = PBXFileReference; explicitFileType = wrapper.cfbundle; includeInIndex = 0; path = WelcomeB27Tests.xctest; sourceTree = BUILT_PRODUCTS_DIR; };
		07DB525B26029D420079B3B8 /* WelcomeB27Tests.swift */ = {isa = PBXFileReference; lastKnownFileType = sourcecode.swift; path = WelcomeB27Tests.swift; sourceTree = "<group>"; };
		07DB525D26029D420079B3B8 /* Info.plist */ = {isa = PBXFileReference; lastKnownFileType = text.plist.xml; path = Info.plist; sourceTree = "<group>"; };
		07DB526226029D420079B3B8 /* WelcomeB27UITests.xctest */ = {isa = PBXFileReference; explicitFileType = wrapper.cfbundle; includeInIndex = 0; path = WelcomeB27UITests.xctest; sourceTree = BUILT_PRODUCTS_DIR; };
		07DB526626029D420079B3B8 /* WelcomeB27UITests.swift */ = {isa = PBXFileReference; lastKnownFileType = sourcecode.swift; path = WelcomeB27UITests.swift; sourceTree = "<group>"; };
		07DB526826029D420079B3B8 /* Info.plist */ = {isa = PBXFileReference; lastKnownFileType = text.plist.xml; path = Info.plist; sourceTree = "<group>"; };
		07DB5E8A2603CAF900AA880F /* DetailedViewController.swift */ = {isa = PBXFileReference; lastKnownFileType = sourcecode.swift; path = DetailedViewController.swift; sourceTree = "<group>"; };
		07DB5E952603E31D00AA880F /* SportsViewController.swift */ = {isa = PBXFileReference; lastKnownFileType = sourcecode.swift; path = SportsViewController.swift; sourceTree = "<group>"; };
/* End PBXFileReference section */

/* Begin PBXFrameworksBuildPhase section */
		07DB523E26029D400079B3B8 /* Frameworks */ = {
			isa = PBXFrameworksBuildPhase;
			buildActionMask = 2147483647;
			files = (
			);
			runOnlyForDeploymentPostprocessing = 0;
		};
		07DB525426029D420079B3B8 /* Frameworks */ = {
			isa = PBXFrameworksBuildPhase;
			buildActionMask = 2147483647;
			files = (
			);
			runOnlyForDeploymentPostprocessing = 0;
		};
		07DB525F26029D420079B3B8 /* Frameworks */ = {
			isa = PBXFrameworksBuildPhase;
			buildActionMask = 2147483647;
			files = (
			);
			runOnlyForDeploymentPostprocessing = 0;
		};
/* End PBXFrameworksBuildPhase section */

/* Begin PBXGroup section */
		07DB523826029D400079B3B8 = {
			isa = PBXGroup;
			children = (
				07DB524326029D400079B3B8 /* WelcomeB27 */,
				07DB525A26029D420079B3B8 /* WelcomeB27Tests */,
				07DB526526029D420079B3B8 /* WelcomeB27UITests */,
				07DB524226029D400079B3B8 /* Products */,
			);
			sourceTree = "<group>";
		};
		07DB524226029D400079B3B8 /* Products */ = {
			isa = PBXGroup;
			children = (
				07DB524126029D400079B3B8 /* WelcomeB27.app */,
				07DB525726029D420079B3B8 /* WelcomeB27Tests.xctest */,
				07DB526226029D420079B3B8 /* WelcomeB27UITests.xctest */,
			);
			name = Products;
			sourceTree = "<group>";
		};
		07DB524326029D400079B3B8 /* WelcomeB27 */ = {
			isa = PBXGroup;
			children = (
				07DB524426029D400079B3B8 /* AppDelegate.swift */,
				07DB524626029D400079B3B8 /* SceneDelegate.swift */,
				07DB524826029D400079B3B8 /* ViewController.swift */,
				07DB5E8A2603CAF900AA880F /* DetailedViewController.swift */,
				07DB524A26029D400079B3B8 /* Main.storyboard */,
				07DB5E952603E31D00AA880F /* SportsViewController.swift */,
				07DB524D26029D410079B3B8 /* Assets.xcassets */,
				07DB524F26029D410079B3B8 /* LaunchScreen.storyboard */,
				07DB525226029D410079B3B8 /* Info.plist */,
			);
			path = WelcomeB27;
			sourceTree = "<group>";
		};
		07DB525A26029D420079B3B8 /* WelcomeB27Tests */ = {
			isa = PBXGroup;
			children = (
				07DB525B26029D420079B3B8 /* WelcomeB27Tests.swift */,
				07DB525D26029D420079B3B8 /* Info.plist */,
			);
			path = WelcomeB27Tests;
			sourceTree = "<group>";
		};
		07DB526526029D420079B3B8 /* WelcomeB27UITests */ = {
			isa = PBXGroup;
			children = (
				07DB526626029D420079B3B8 /* WelcomeB27UITests.swift */,
				07DB526826029D420079B3B8 /* Info.plist */,
			);
			path = WelcomeB27UITests;
			sourceTree = "<group>";
		};
/* End PBXGroup section */

/* Begin PBXNativeTarget section */
		07DB524026029D400079B3B8 /* WelcomeB27 */ = {
			isa = PBXNativeTarget;
			buildConfigurationList = 07DB526B26029D420079B3B8 /* Build configuration list for PBXNativeTarget "WelcomeB27" */;
			buildPhases = (
				07DB523D26029D400079B3B8 /* Sources */,
				07DB523E26029D400079B3B8 /* Frameworks */,
				07DB523F26029D400079B3B8 /* Resources */,
			);
			buildRules = (
			);
			dependencies = (
			);
			name = WelcomeB27;
			productName = WelcomeB27;
			productReference = 07DB524126029D400079B3B8 /* WelcomeB27.app */;
			productType = "com.apple.product-type.application";
		};
		07DB525626029D420079B3B8 /* WelcomeB27Tests */ = {
			isa = PBXNativeTarget;
			buildConfigurationList = 07DB526E26029D420079B3B8 /* Build configuration list for PBXNativeTarget "WelcomeB27Tests" */;
			buildPhases = (
				07DB525326029D420079B3B8 /* Sources */,
				07DB525426029D420079B3B8 /* Frameworks */,
				07DB525526029D420079B3B8 /* Resources */,
			);
			buildRules = (
			);
			dependencies = (
				07DB525926029D420079B3B8 /* PBXTargetDependency */,
			);
			name = WelcomeB27Tests;
			productName = WelcomeB27Tests;
			productReference = 07DB525726029D420079B3B8 /* WelcomeB27Tests.xctest */;
			productType = "com.apple.product-type.bundle.unit-test";
		};
		07DB526126029D420079B3B8 /* WelcomeB27UITests */ = {
			isa = PBXNativeTarget;
			buildConfigurationList = 07DB527126029D420079B3B8 /* Build configuration list for PBXNativeTarget "WelcomeB27UITests" */;
			buildPhases = (
				07DB525E26029D420079B3B8 /* Sources */,
				07DB525F26029D420079B3B8 /* Frameworks */,
				07DB526026029D420079B3B8 /* Resources */,
			);
			buildRules = (
			);
			dependencies = (
				07DB526426029D420079B3B8 /* PBXTargetDependency */,
			);
			name = WelcomeB27UITests;
			productName = WelcomeB27UITests;
			productReference = 07DB526226029D420079B3B8 /* WelcomeB27UITests.xctest */;
			productType = "com.apple.product-type.bundle.ui-testing";
		};
/* End PBXNativeTarget section */

/* Begin PBXProject section */
		07DB523926029D400079B3B8 /* Project object */ = {
			isa = PBXProject;
			attributes = {
				LastSwiftUpdateCheck = 1240;
				LastUpgradeCheck = 1240;
				TargetAttributes = {
					07DB524026029D400079B3B8 = {
						CreatedOnToolsVersion = 12.4;
					};
					07DB525626029D420079B3B8 = {
						CreatedOnToolsVersion = 12.4;
						TestTargetID = 07DB524026029D400079B3B8;
					};
					07DB526126029D420079B3B8 = {
						CreatedOnToolsVersion = 12.4;
						TestTargetID = 07DB524026029D400079B3B8;
					};
				};
			};
			buildConfigurationList = 07DB523C26029D400079B3B8 /* Build configuration list for PBXProject "WelcomeB27" */;
			compatibilityVersion = "Xcode 9.3";
			developmentRegion = en;
			hasScannedForEncodings = 0;
			knownRegions = (
				en,
				Base,
			);
			mainGroup = 07DB523826029D400079B3B8;
			productRefGroup = 07DB524226029D400079B3B8 /* Products */;
			projectDirPath = "";
			projectRoot = "";
			targets = (
				07DB524026029D400079B3B8 /* WelcomeB27 */,
				07DB525626029D420079B3B8 /* WelcomeB27Tests */,
				07DB526126029D420079B3B8 /* WelcomeB27UITests */,
			);
		};
/* End PBXProject section */

/* Begin PBXResourcesBuildPhase section */
		07DB523F26029D400079B3B8 /* Resources */ = {
			isa = PBXResourcesBuildPhase;
			buildActionMask = 2147483647;
			files = (
				07DB525126029D410079B3B8 /* LaunchScreen.storyboard in Resources */,
				07DB524E26029D410079B3B8 /* Assets.xcassets in Resources */,
				07DB524C26029D400079B3B8 /* Main.storyboard in Resources */,
			);
			runOnlyForDeploymentPostprocessing = 0;
		};
		07DB525526029D420079B3B8 /* Resources */ = {
			isa = PBXResourcesBuildPhase;
			buildActionMask = 2147483647;
			files = (
			);
			runOnlyForDeploymentPostprocessing = 0;
		};
		07DB526026029D420079B3B8 /* Resources */ = {
			isa = PBXResourcesBuildPhase;
			buildActionMask = 2147483647;
			files = (
			);
			runOnlyForDeploymentPostprocessing = 0;
		};
/* End PBXResourcesBuildPhase section */

/* Begin PBXSourcesBuildPhase section */
		07DB523D26029D400079B3B8 /* Sources */ = {
			isa = PBXSourcesBuildPhase;
			buildActionMask = 2147483647;
			files = (
				07DB524926029D400079B3B8 /* ViewController.swift in Sources */,
				07DB524526029D400079B3B8 /* AppDelegate.swift in Sources */,
				07DB5E962603E31D00AA880F /* SportsViewController.swift in Sources */,
				07DB5E8B2603CAF900AA880F /* DetailedViewController.swift in Sources */,
				07DB524726029D400079B3B8 /* SceneDelegate.swift in Sources */,
			);
			runOnlyForDeploymentPostprocessing = 0;
		};
		07DB525326029D420079B3B8 /* Sources */ = {
			isa = PBXSourcesBuildPhase;
			buildActionMask = 2147483647;
			files = (
				07DB525C26029D420079B3B8 /* WelcomeB27Tests.swift in Sources */,
			);
			runOnlyForDeploymentPostprocessing = 0;
		};
		07DB525E26029D420079B3B8 /* Sources */ = {
			isa = PBXSourcesBuildPhase;
			buildActionMask = 2147483647;
			files = (
				07DB526726029D420079B3B8 /* WelcomeB27UITests.swift in Sources */,
			);
			runOnlyForDeploymentPostprocessing = 0;
		};
/* End PBXSourcesBuildPhase section */

/* Begin PBXTargetDependency section */
		07DB525926029D420079B3B8 /* PBXTargetDependency */ = {
			isa = PBXTargetDependency;
			target = 07DB524026029D400079B3B8 /* WelcomeB27 */;
			targetProxy = 07DB525826029D420079B3B8 /* PBXContainerItemProxy */;
		};
		07DB526426029D420079B3B8 /* PBXTargetDependency */ = {
			isa = PBXTargetDependency;
			target = 07DB524026029D400079B3B8 /* WelcomeB27 */;
			targetProxy = 07DB526326029D420079B3B8 /* PBXContainerItemProxy */;
		};
/* End PBXTargetDependency section */

/* Begin PBXVariantGroup section */
		07DB524A26029D400079B3B8 /* Main.storyboard */ = {
			isa = PBXVariantGroup;
			children = (
				07DB524B26029D400079B3B8 /* Base */,
			);
			name = Main.storyboard;
			sourceTree = "<group>";
		};
		07DB524F26029D410079B3B8 /* LaunchScreen.storyboard */ = {
			isa = PBXVariantGroup;
			children = (
				07DB525026029D410079B3B8 /* Base */,
			);
			name = LaunchScreen.storyboard;
			sourceTree = "<group>";
		};
/* End PBXVariantGroup section */

/* Begin XCBuildConfiguration section */
		07DB526926029D420079B3B8 /* Debug */ = {
			isa = XCBuildConfiguration;
			buildSettings = {
				ALWAYS_SEARCH_USER_PATHS = NO;
				CLANG_ANALYZER_NONNULL = YES;
				CLANG_ANALYZER_NUMBER_OBJECT_CONVERSION = YES_AGGRESSIVE;
				CLANG_CXX_LANGUAGE_STANDARD = "gnu++14";
				CLANG_CXX_LIBRARY = "libc++";
				CLANG_ENABLE_MODULES = YES;
				CLANG_ENABLE_OBJC_ARC = YES;
				CLANG_ENABLE_OBJC_WEAK = YES;
				CLANG_WARN_BLOCK_CAPTURE_AUTORELEASING = YES;
				CLANG_WARN_BOOL_CONVERSION = YES;
				CLANG_WARN_COMMA = YES;
				CLANG_WARN_CONSTANT_CONVERSION = YES;
				CLANG_WARN_DEPRECATED_OBJC_IMPLEMENTATIONS = YES;
				CLANG_WARN_DIRECT_OBJC_ISA_USAGE = YES_ERROR;
				CLANG_WARN_DOCUMENTATION_COMMENTS = YES;
				CLANG_WARN_EMPTY_BODY = YES;
				CLANG_WARN_ENUM_CONVERSION = YES;
				CLANG_WARN_INFINITE_RECURSION = YES;
				CLANG_WARN_INT_CONVERSION = YES;
				CLANG_WARN_NON_LITERAL_NULL_CONVERSION = YES;
				CLANG_WARN_OBJC_IMPLICIT_RETAIN_SELF = YES;
				CLANG_WARN_OBJC_LITERAL_CONVERSION = YES;
				CLANG_WARN_OBJC_ROOT_CLASS = YES_ERROR;
				CLANG_WARN_QUOTED_INCLUDE_IN_FRAMEWORK_HEADER = YES;
				CLANG_WARN_RANGE_LOOP_ANALYSIS = YES;
				CLANG_WARN_STRICT_PROTOTYPES = YES;
				CLANG_WARN_SUSPICIOUS_MOVE = YES;
				CLANG_WARN_UNGUARDED_AVAILABILITY = YES_AGGRESSIVE;
				CLANG_WARN_UNREACHABLE_CODE = YES;
				CLANG_WARN__DUPLICATE_METHOD_MATCH = YES;
				COPY_PHASE_STRIP = NO;
				DEBUG_INFORMATION_FORMAT = dwarf;
				ENABLE_STRICT_OBJC_MSGSEND = YES;
				ENABLE_TESTABILITY = YES;
				GCC_C_LANGUAGE_STANDARD = gnu11;
				GCC_DYNAMIC_NO_PIC = NO;
				GCC_NO_COMMON_BLOCKS = YES;
				GCC_OPTIMIZATION_LEVEL = 0;
				GCC_PREPROCESSOR_DEFINITIONS = (
					"DEBUG=1",
					"$(inherited)",
				);
				GCC_WARN_64_TO_32_BIT_CONVERSION = YES;
				GCC_WARN_ABOUT_RETURN_TYPE = YES_ERROR;
				GCC_WARN_UNDECLARED_SELECTOR = YES;
				GCC_WARN_UNINITIALIZED_AUTOS = YES_AGGRESSIVE;
				GCC_WARN_UNUSED_FUNCTION = YES;
				GCC_WARN_UNUSED_VARIABLE = YES;
				IPHONEOS_DEPLOYMENT_TARGET = 14.4;
				MTL_ENABLE_DEBUG_INFO = INCLUDE_SOURCE;
				MTL_FAST_MATH = YES;
				ONLY_ACTIVE_ARCH = YES;
				SDKROOT = iphoneos;
				SWIFT_ACTIVE_COMPILATION_CONDITIONS = DEBUG;
				SWIFT_OPTIMIZATION_LEVEL = "-Onone";
			};
			name = Debug;
		};
		07DB526A26029D420079B3B8 /* Release */ = {
			isa = XCBuildConfiguration;
			buildSettings = {
				ALWAYS_SEARCH_USER_PATHS = NO;
				CLANG_ANALYZER_NONNULL = YES;
				CLANG_ANALYZER_NUMBER_OBJECT_CONVERSION = YES_AGGRESSIVE;
				CLANG_CXX_LANGUAGE_STANDARD = "gnu++14";
				CLANG_CXX_LIBRARY = "libc++";
				CLANG_ENABLE_MODULES = YES;
				CLANG_ENABLE_OBJC_ARC = YES;
				CLANG_ENABLE_OBJC_WEAK = YES;
				CLANG_WARN_BLOCK_CAPTURE_AUTORELEASING = YES;
				CLANG_WARN_BOOL_CONVERSION = YES;
				CLANG_WARN_COMMA = YES;
				CLANG_WARN_CONSTANT_CONVERSION = YES;
				CLANG_WARN_DEPRECATED_OBJC_IMPLEMENTATIONS = YES;
				CLANG_WARN_DIRECT_OBJC_ISA_USAGE = YES_ERROR;
				CLANG_WARN_DOCUMENTATION_COMMENTS = YES;
				CLANG_WARN_EMPTY_BODY = YES;
				CLANG_WARN_ENUM_CONVERSION = YES;
				CLANG_WARN_INFINITE_RECURSION = YES;
				CLANG_WARN_INT_CONVERSION = YES;
				CLANG_WARN_NON_LITERAL_NULL_CONVERSION = YES;
				CLANG_WARN_OBJC_IMPLICIT_RETAIN_SELF = YES;
				CLANG_WARN_OBJC_LITERAL_CONVERSION = YES;
				CLANG_WARN_OBJC_ROOT_CLASS = YES_ERROR;
				CLANG_WARN_QUOTED_INCLUDE_IN_FRAMEWORK_HEADER = YES;
				CLANG_WARN_RANGE_LOOP_ANALYSIS = YES;
				CLANG_WARN_STRICT_PROTOTYPES = YES;
				CLANG_WARN_SUSPICIOUS_MOVE = YES;
				CLANG_WARN_UNGUARDED_AVAILABILITY = YES_AGGRESSIVE;
				CLANG_WARN_UNREACHABLE_CODE = YES;
				CLANG_WARN__DUPLICATE_METHOD_MATCH = YES;
				COPY_PHASE_STRIP = NO;
				DEBUG_INFORMATION_FORMAT = "dwarf-with-dsym";
				ENABLE_NS_ASSERTIONS = NO;
				ENABLE_STRICT_OBJC_MSGSEND = YES;
				GCC_C_LANGUAGE_STANDARD = gnu11;
				GCC_NO_COMMON_BLOCKS = YES;
				GCC_WARN_64_TO_32_BIT_CONVERSION = YES;
				GCC_WARN_ABOUT_RETURN_TYPE = YES_ERROR;
				GCC_WARN_UNDECLARED_SELECTOR = YES;
				GCC_WARN_UNINITIALIZED_AUTOS = YES_AGGRESSIVE;
				GCC_WARN_UNUSED_FUNCTION = YES;
				GCC_WARN_UNUSED_VARIABLE = YES;
				IPHONEOS_DEPLOYMENT_TARGET = 14.4;
				MTL_ENABLE_DEBUG_INFO = NO;
				MTL_FAST_MATH = YES;
				SDKROOT = iphoneos;
				SWIFT_COMPILATION_MODE = wholemodule;
				SWIFT_OPTIMIZATION_LEVEL = "-O";
				VALIDATE_PRODUCT = YES;
			};
			name = Release;
		};
		07DB526C26029D420079B3B8 /* Debug */ = {
			isa = XCBuildConfiguration;
			buildSettings = {
				ASSETCATALOG_COMPILER_APPICON_NAME = AppIcon;
				ASSETCATALOG_COMPILER_GLOBAL_ACCENT_COLOR_NAME = AccentColor;
				CODE_SIGN_STYLE = Automatic;
				INFOPLIST_FILE = WelcomeB27/Info.plist;
				LD_RUNPATH_SEARCH_PATHS = (
					"$(inherited)",
					"@executable_path/Frameworks",
				);
				PRODUCT_BUNDLE_IDENTIFIER = come.omar9369.WelcomeB27;
				PRODUCT_NAME = "$(TARGET_NAME)";
				SWIFT_VERSION = 5.0;
				TARGETED_DEVICE_FAMILY = "1,2";
			};
			name = Debug;
		};
		07DB526D26029D420079B3B8 /* Release */ = {
			isa = XCBuildConfiguration;
			buildSettings = {
				ASSETCATALOG_COMPILER_APPICON_NAME = AppIcon;
				ASSETCATALOG_COMPILER_GLOBAL_ACCENT_COLOR_NAME = AccentColor;
				CODE_SIGN_STYLE = Automatic;
				INFOPLIST_FILE = WelcomeB27/Info.plist;
				LD_RUNPATH_SEARCH_PATHS = (
					"$(inherited)",
					"@executable_path/Frameworks",
				);
				PRODUCT_BUNDLE_IDENTIFIER = come.omar9369.WelcomeB27;
				PRODUCT_NAME = "$(TARGET_NAME)";
				SWIFT_VERSION = 5.0;
				TARGETED_DEVICE_FAMILY = "1,2";
			};
			name = Release;
		};
		07DB526F26029D420079B3B8 /* Debug */ = {
			isa = XCBuildConfiguration;
			buildSettings = {
				ALWAYS_EMBED_SWIFT_STANDARD_LIBRARIES = YES;
				BUNDLE_LOADER = "$(TEST_HOST)";
				CODE_SIGN_STYLE = Automatic;
				INFOPLIST_FILE = WelcomeB27Tests/Info.plist;
				IPHONEOS_DEPLOYMENT_TARGET = 14.4;
				LD_RUNPATH_SEARCH_PATHS = (
					"$(inherited)",
					"@executable_path/Frameworks",
					"@loader_path/Frameworks",
				);
				PRODUCT_BUNDLE_IDENTIFIER = come.omar9369.WelcomeB27Tests;
				PRODUCT_NAME = "$(TARGET_NAME)";
				SWIFT_VERSION = 5.0;
				TARGETED_DEVICE_FAMILY = "1,2";
				TEST_HOST = "$(BUILT_PRODUCTS_DIR)/WelcomeB27.app/WelcomeB27";
			};
			name = Debug;
		};
		07DB527026029D420079B3B8 /* Release */ = {
			isa = XCBuildConfiguration;
			buildSettings = {
				ALWAYS_EMBED_SWIFT_STANDARD_LIBRARIES = YES;
				BUNDLE_LOADER = "$(TEST_HOST)";
				CODE_SIGN_STYLE = Automatic;
				INFOPLIST_FILE = WelcomeB27Tests/Info.plist;
				IPHONEOS_DEPLOYMENT_TARGET = 14.4;
				LD_RUNPATH_SEARCH_PATHS = (
					"$(inherited)",
					"@executable_path/Frameworks",
					"@loader_path/Frameworks",
				);
				PRODUCT_BUNDLE_IDENTIFIER = come.omar9369.WelcomeB27Tests;
				PRODUCT_NAME = "$(TARGET_NAME)";
				SWIFT_VERSION = 5.0;
				TARGETED_DEVICE_FAMILY = "1,2";
				TEST_HOST = "$(BUILT_PRODUCTS_DIR)/WelcomeB27.app/WelcomeB27";
			};
			name = Release;
		};
		07DB527226029D420079B3B8 /* Debug */ = {
			isa = XCBuildConfiguration;
			buildSettings = {
				ALWAYS_EMBED_SWIFT_STANDARD_LIBRARIES = YES;
				CODE_SIGN_STYLE = Automatic;
				INFOPLIST_FILE = WelcomeB27UITests/Info.plist;
				LD_RUNPATH_SEARCH_PATHS = (
					"$(inherited)",
					"@executable_path/Frameworks",
					"@loader_path/Frameworks",
				);
				PRODUCT_BUNDLE_IDENTIFIER = come.omar9369.WelcomeB27UITests;
				PRODUCT_NAME = "$(TARGET_NAME)";
				SWIFT_VERSION = 5.0;
				TARGETED_DEVICE_FAMILY = "1,2";
				TEST_TARGET_NAME = WelcomeB27;
			};
			name = Debug;
		};
		07DB527326029D420079B3B8 /* Release */ = {
			isa = XCBuildConfiguration;
			buildSettings = {
				ALWAYS_EMBED_SWIFT_STANDARD_LIBRARIES = YES;
				CODE_SIGN_STYLE = Automatic;
				INFOPLIST_FILE = WelcomeB27UITests/Info.plist;
				LD_RUNPATH_SEARCH_PATHS = (
					"$(inherited)",
					"@executable_path/Frameworks",
					"@loader_path/Frameworks",
				);
				PRODUCT_BUNDLE_IDENTIFIER = come.omar9369.WelcomeB27UITests;
				PRODUCT_NAME = "$(TARGET_NAME)";
				SWIFT_VERSION = 5.0;
				TARGETED_DEVICE_FAMILY = "1,2";
				TEST_TARGET_NAME = WelcomeB27;
			};
			name = Release;
		};
/* End XCBuildConfiguration section */

/* Begin XCConfigurationList section */
		07DB523C26029D400079B3B8 /* Build configuration list for PBXProject "WelcomeB27" */ = {
			isa = XCConfigurationList;
			buildConfigurations = (
				07DB526926029D420079B3B8 /* Debug */,
				07DB526A26029D420079B3B8 /* Release */,
			);
			defaultConfigurationIsVisible = 0;
			defaultConfigurationName = Release;
		};
		07DB526B26029D420079B3B8 /* Build configuration list for PBXNativeTarget "WelcomeB27" */ = {
			isa = XCConfigurationList;
			buildConfigurations = (
				07DB526C26029D420079B3B8 /* Debug */,
				07DB526D26029D420079B3B8 /* Release */,
			);
			defaultConfigurationIsVisible = 0;
			defaultConfigurationName = Release;
		};
		07DB526E26029D420079B3B8 /* Build configuration list for PBXNativeTarget "WelcomeB27Tests" */ = {
			isa = XCConfigurationList;
			buildConfigurations = (
				07DB526F26029D420079B3B8 /* Debug */,
				07DB527026029D420079B3B8 /* Release */,
			);
			defaultConfigurationIsVisible = 0;
			defaultConfigurationName = Release;
		};
		07DB527126029D420079B3B8 /* Build configuration list for PBXNativeTarget "WelcomeB27UITests" */ = {
			isa = XCConfigurationList;
			buildConfigurations = (
				07DB527226029D420079B3B8 /* Debug */,
				07DB527326029D420079B3B8 /* Release */,
			);
			defaultConfigurationIsVisible = 0;
			defaultConfigurationName = Release;
		};
/* End XCConfigurationList section */
	};
	rootObject = 07DB523926029D400079B3B8 /* Project object */;
}
